
Microsoft Visual Studio Solution File, Format Version 12.00
# Visual Studio Version 17
VisualStudioVersion = 17.2.32630.192
MinimumVisualStudioVersion = 10.0.40219.1
Project("{FAE04EC0-301F-11D3-BF4B-00C04F79EFBC}") = "RealEstateAPI", "RealEstateAPI.csproj", "{45137622-6129-4F44-AAC2-16FD94831ECE}"
EndProject
Global
	GlobalSection(SolutionConfigurationPlatforms) = preSolution
		Debug|Any CPU = Debug|Any CPU
		Release|Any CPU = Release|Any CPU
	EndGlobalSection
	GlobalSection(ProjectConfigurationPlatforms) = postSolution
		{45137622-6129-4F44-AAC2-16FD94831ECE}.Debug|Any CPU.ActiveCfg = Debug|Any CPU
		{45137622-6129-4F44-AAC2-16FD94831ECE}.Debug|Any CPU.Build.0 = Debug|Any CPU
		{45137622-6129-4F44-AAC2-16FD94831ECE}.Release|Any CPU.ActiveCfg = Release|Any CPU
		{45137622-6129-4F44-AAC2-16FD94831ECE}.Release|Any CPU.Build.0 = Release|Any CPU
	EndGlobalSection
	GlobalSection(SolutionProperties) = preSolution
		HideSolutionNode = FALSE
	EndGlobalSection
	GlobalSection(ExtensibilityGlobals) = postSolution
		SolutionGuid = {DADBE6B9-CE73-4B1F-8FA9-EC9BC1C6EDA5}
	EndGlobalSection
EndGlobal
